
Microsoft Visual Studio Solution File, Format Version 12.00
# Visual Studio Version 17
VisualStudioVersion = 17.9.34616.47
MinimumVisualStudioVersion = 10.0.40219.1
Project("{FAE04EC0-301F-11D3-BF4B-00C04F79EFBC}") = "NET_Project.Server", "NET_Project.Server\NET_Project.Server.csproj", "{CA0EADC5-2D30-44B3-B59C-F27033D71B61}"
EndProject
Project("{54A90642-561A-4BB1-A94E-469ADEE60C69}") = "net_project.client", "net_project.client\net_project.client.esproj", "{B7FFBA7C-08A9-4C43-AFEE-F63965976FE5}"
EndProject
Global
	GlobalSection(SolutionConfigurationPlatforms) = preSolution
		Debug|Any CPU = Debug|Any CPU
		Release|Any CPU = Release|Any CPU
	EndGlobalSection
	GlobalSection(ProjectConfigurationPlatforms) = postSolution
		{CA0EADC5-2D30-44B3-B59C-F27033D71B61}.Debug|Any CPU.ActiveCfg = Debug|Any CPU
		{CA0EADC5-2D30-44B3-B59C-F27033D71B61}.Debug|Any CPU.Build.0 = Debug|Any CPU
		{CA0EADC5-2D30-44B3-B59C-F27033D71B61}.Release|Any CPU.ActiveCfg = Release|Any CPU
		{CA0EADC5-2D30-44B3-B59C-F27033D71B61}.Release|Any CPU.Build.0 = Release|Any CPU
		{B7FFBA7C-08A9-4C43-AFEE-F63965976FE5}.Debug|Any CPU.ActiveCfg = Debug|Any CPU
		{B7FFBA7C-08A9-4C43-AFEE-F63965976FE5}.Debug|Any CPU.Build.0 = Debug|Any CPU
		{B7FFBA7C-08A9-4C43-AFEE-F63965976FE5}.Debug|Any CPU.Deploy.0 = Debug|Any CPU
		{B7FFBA7C-08A9-4C43-AFEE-F63965976FE5}.Release|Any CPU.ActiveCfg = Release|Any CPU
		{B7FFBA7C-08A9-4C43-AFEE-F63965976FE5}.Release|Any CPU.Build.0 = Release|Any CPU
		{B7FFBA7C-08A9-4C43-AFEE-F63965976FE5}.Release|Any CPU.Deploy.0 = Release|Any CPU
	EndGlobalSection
	GlobalSection(SolutionProperties) = preSolution
		HideSolutionNode = FALSE
	EndGlobalSection
	GlobalSection(ExtensibilityGlobals) = postSolution
		SolutionGuid = {87404EFD-9BAD-45F8-A4F0-B09B7043A2B9}
	EndGlobalSection
EndGlobal
